
Microsoft Visual Studio Solution File, Format Version 12.00
# Visual Studio Version 16
VisualStudioVersion = 16.0.30907.101
MinimumVisualStudioVersion = 10.0.40219.1
Project("{FAE04EC0-301F-11D3-BF4B-00C04F79EFBC}") = "LD1", "LD1\LD1.csproj", "{9E55FF3D-D463-4DAF-85A5-CD3EEA57BFF8}"
EndProject
Global
	GlobalSection(SolutionConfigurationPlatforms) = preSolution
		Debug|Any CPU = Debug|Any CPU
		Release|Any CPU = Release|Any CPU
	EndGlobalSection
	GlobalSection(ProjectConfigurationPlatforms) = postSolution
		{9E55FF3D-D463-4DAF-85A5-CD3EEA57BFF8}.Debug|Any CPU.ActiveCfg = Debug|Any CPU
		{9E55FF3D-D463-4DAF-85A5-CD3EEA57BFF8}.Debug|Any CPU.Build.0 = Debug|Any CPU
		{9E55FF3D-D463-4DAF-85A5-CD3EEA57BFF8}.Release|Any CPU.ActiveCfg = Release|Any CPU
		{9E55FF3D-D463-4DAF-85A5-CD3EEA57BFF8}.Release|Any CPU.Build.0 = Release|Any CPU
	EndGlobalSection
	GlobalSection(SolutionProperties) = preSolution
		HideSolutionNode = FALSE
	EndGlobalSection
	GlobalSection(ExtensibilityGlobals) = postSolution
		SolutionGuid = {A44CAB72-531E-43EB-9A6A-DF1FFD43A708}
	EndGlobalSection
EndGlobal
